
Microsoft Visual Studio Solution File, Format Version 12.00
# Visual Studio Version 17
VisualStudioVersion = 17.9.34723.18
MinimumVisualStudioVersion = 10.0.40219.1
Project("{FAE04EC0-301F-11D3-BF4B-00C04F79EFBC}") = "winform-app", "winform-app.csproj", "{65D8F3D5-727F-4708-A3B8-E7F09CF549B2}"
EndProject
Project("{FAE04EC0-301F-11D3-BF4B-00C04F79EFBC}") = "dominio", "..\dominio\dominio.csproj", "{67970693-F7C2-477B-A95E-44DD092B39AB}"
EndProject
Project("{FAE04EC0-301F-11D3-BF4B-00C04F79EFBC}") = "manager", "..\manager\manager.csproj", "{A4C0C452-FF2D-43B2-9559-6FA9799B8336}"
EndProject
Global
	GlobalSection(SolutionConfigurationPlatforms) = preSolution
		Debug|Any CPU = Debug|Any CPU
		Release|Any CPU = Release|Any CPU
	EndGlobalSection
	GlobalSection(ProjectConfigurationPlatforms) = postSolution
		{65D8F3D5-727F-4708-A3B8-E7F09CF549B2}.Debug|Any CPU.ActiveCfg = Debug|Any CPU
		{65D8F3D5-727F-4708-A3B8-E7F09CF549B2}.Debug|Any CPU.Build.0 = Debug|Any CPU
		{65D8F3D5-727F-4708-A3B8-E7F09CF549B2}.Release|Any CPU.ActiveCfg = Release|Any CPU
		{65D8F3D5-727F-4708-A3B8-E7F09CF549B2}.Release|Any CPU.Build.0 = Release|Any CPU
		{67970693-F7C2-477B-A95E-44DD092B39AB}.Debug|Any CPU.ActiveCfg = Debug|Any CPU
		{67970693-F7C2-477B-A95E-44DD092B39AB}.Debug|Any CPU.Build.0 = Debug|Any CPU
		{67970693-F7C2-477B-A95E-44DD092B39AB}.Release|Any CPU.ActiveCfg = Release|Any CPU
		{67970693-F7C2-477B-A95E-44DD092B39AB}.Release|Any CPU.Build.0 = Release|Any CPU
		{A4C0C452-FF2D-43B2-9559-6FA9799B8336}.Debug|Any CPU.ActiveCfg = Debug|Any CPU
		{A4C0C452-FF2D-43B2-9559-6FA9799B8336}.Debug|Any CPU.Build.0 = Debug|Any CPU
		{A4C0C452-FF2D-43B2-9559-6FA9799B8336}.Release|Any CPU.ActiveCfg = Release|Any CPU
		{A4C0C452-FF2D-43B2-9559-6FA9799B8336}.Release|Any CPU.Build.0 = Release|Any CPU
	EndGlobalSection
	GlobalSection(SolutionProperties) = preSolution
		HideSolutionNode = FALSE
	EndGlobalSection
	GlobalSection(ExtensibilityGlobals) = postSolution
		SolutionGuid = {E7A55964-5006-4394-81B0-00E511B19D8F}
	EndGlobalSection
EndGlobal
